{
  "version": 4,
  "terraform_version": "1.9.2",
  "serial": 6,
  "lineage": "5e74a23d-c51c-a29d-f743-5ba3f360de5f",
  "outputs": {},
  "resources": [
    {
      "mode": "data",
      "type": "archive_file",
      "name": "zip_the_python_code",
      "provider": "provider[\"registry.terraform.io/hashicorp/archive\"]",
      "instances": [
        {
          "schema_version": 0,
          "attributes": {
            "exclude_symlink_directories": null,
            "excludes": null,
            "id": "4a7c330d2e0b3e4d2b8055fb6f8182eea2817325",
            "output_base64sha256": "LEVwzg0Ob7LN8tcaMunapxTvJ52MdMakWB+lJATejC0=",
            "output_base64sha512": "Zi+mRTKkGozyA8kZTyACv9bC5RC2DNsHqTmdEpmBgqckYIWCKQGXMdxcwATjEggmMwZVnx+X39hHhakhILsVzA==",
            "output_file_mode": null,
            "output_md5": "ea24173c2d1ac6e0fccebd848b630020",
            "output_path": "./python/hello-python.zip",
            "output_sha": "4a7c330d2e0b3e4d2b8055fb6f8182eea2817325",
            "output_sha256": "2c4570ce0d0e6fb2cdf2d71a32e9daa714ef279d8c74c6a4581fa52404de8c2d",
            "output_sha512": "662fa64532a41a8cf203c9194f2002bfd6c2e510b60cdb07a9399d12998182a72460858229019731dc5cc004e31208263306559f1f97dfd84785a92120bb15cc",
            "output_size": 610,
            "source": [],
            "source_content": null,
            "source_content_filename": null,
            "source_dir": "./python/",
            "source_file": null,
            "type": "zip"
          },
          "sensitive_attributes": []
        }
      ]
    },
    {
      "mode": "managed",
      "type": "aws_iam_policy",
      "name": "iam_policy_for_lambda",
      "provider": "provider[\"registry.terraform.io/hashicorp/aws\"]",
      "instances": [
        {
          "schema_version": 0,
          "attributes": {
            "arn": "arn:aws:iam::211125692789:policy/lambda_policy",
            "attachment_count": 1,
            "description": "My test policy",
            "id": "arn:aws:iam::211125692789:policy/lambda_policy",
            "name": "lambda_policy",
            "name_prefix": "",
            "path": "/",
            "policy": "{\"Statement\":[{\"Action\":[\"ec2:Describe*\"],\"Effect\":\"Allow\",\"Resource\":\"*\"}],\"Version\":\"2012-10-17\"}",
            "policy_id": "ANPATCKASNF2YSUMVRJP2",
            "tags": {},
            "tags_all": {}
          },
          "sensitive_attributes": [],
          "private": "bnVsbA=="
        }
      ]
    },
    {
      "mode": "managed",
      "type": "aws_iam_role",
      "name": "lambda_role",
      "provider": "provider[\"registry.terraform.io/hashicorp/aws\"]",
      "instances": [
        {
          "schema_version": 0,
          "attributes": {
            "arn": "arn:aws:iam::211125692789:role/terraform_lambda_role",
            "assume_role_policy": "{\"Statement\":[{\"Action\":\"sts:AssumeRole\",\"Effect\":\"Allow\",\"Principal\":{\"Service\":\"lambda.amazonaws.com\"},\"Sid\":\"\"}],\"Version\":\"2012-10-17\"}",
            "create_date": "2024-07-28T04:51:17Z",
            "description": "",
            "force_detach_policies": false,
            "id": "terraform_lambda_role",
            "inline_policy": [],
            "managed_policy_arns": [
              "arn:aws:iam::211125692789:policy/lambda_policy"
            ],
            "max_session_duration": 3600,
            "name": "terraform_lambda_role",
            "name_prefix": "",
            "path": "/",
            "permissions_boundary": "",
            "tags": {
              "tag-key": "tag-value"
            },
            "tags_all": {
              "tag-key": "tag-value"
            },
            "unique_id": "AROATCKASNF2WJX4ZRBAF"
          },
          "sensitive_attributes": [],
          "private": "bnVsbA=="
        }
      ]
    },
    {
      "mode": "managed",
      "type": "aws_iam_role_policy_attachment",
      "name": "test-attach",
      "provider": "provider[\"registry.terraform.io/hashicorp/aws\"]",
      "instances": [
        {
          "schema_version": 0,
          "attributes": {
            "id": "terraform_lambda_role-20240728045119912400000001",
            "policy_arn": "arn:aws:iam::211125692789:policy/lambda_policy",
            "role": "terraform_lambda_role"
          },
          "sensitive_attributes": [],
          "private": "bnVsbA==",
          "dependencies": [
            "aws_iam_policy.iam_policy_for_lambda",
            "aws_iam_role.lambda_role"
          ]
        }
      ]
    },
    {
      "mode": "managed",
      "type": "aws_lambda_function",
      "name": "terraform_lambda_func",
      "provider": "provider[\"registry.terraform.io/hashicorp/aws\"]",
      "instances": [
        {
          "schema_version": 0,
          "attributes": {
            "architectures": [
              "x86_64"
            ],
            "arn": "arn:aws:lambda:us-west-2:211125692789:function:jhooq-lambda-function",
            "code_sha256": "8PXWUzJ8Oyy0w5MHbaEvF8S9GTd9Qz0+hRSxRsK4kSs=",
            "code_signing_config_arn": "",
            "dead_letter_config": [],
            "description": "",
            "environment": [],
            "ephemeral_storage": [
              {
                "size": 512
              }
            ],
            "file_system_config": [],
            "filename": "./python/hello-python.zip",
            "function_name": "jhooq-lambda-function",
            "handler": "hello-python.lambda_handler",
            "id": "jhooq-lambda-function",
            "image_config": [],
            "image_uri": "",
            "invoke_arn": "arn:aws:apigateway:us-west-2:lambda:path/2015-03-31/functions/arn:aws:lambda:us-west-2:211125692789:function:jhooq-lambda-function/invocations",
            "kms_key_arn": "",
            "last_modified": "2024-07-28T04:51:25.425+0000",
            "layers": [],
            "logging_config": [
              {
                "application_log_level": "",
                "log_format": "Text",
                "log_group": "/aws/lambda/jhooq-lambda-function",
                "system_log_level": ""
              }
            ],
            "memory_size": 128,
            "package_type": "Zip",
            "publish": false,
            "qualified_arn": "arn:aws:lambda:us-west-2:211125692789:function:jhooq-lambda-function:$LATEST",
            "qualified_invoke_arn": "arn:aws:apigateway:us-west-2:lambda:path/2015-03-31/functions/arn:aws:lambda:us-west-2:211125692789:function:jhooq-lambda-function:$LATEST/invocations",
            "replace_security_groups_on_destroy": null,
            "replacement_security_group_ids": null,
            "reserved_concurrent_executions": -1,
            "role": "arn:aws:iam::211125692789:role/terraform_lambda_role",
            "runtime": "python3.8",
            "s3_bucket": null,
            "s3_key": null,
            "s3_object_version": null,
            "signing_job_arn": "",
            "signing_profile_version_arn": "",
            "skip_destroy": false,
            "snap_start": [],
            "source_code_hash": "",
            "source_code_size": 388,
            "tags": {},
            "tags_all": {},
            "timeout": 3,
            "timeouts": null,
            "tracing_config": [
              {
                "mode": "PassThrough"
              }
            ],
            "version": "$LATEST",
            "vpc_config": []
          },
          "sensitive_attributes": [],
          "private": "eyJlMmJmYjczMC1lY2FhLTExZTYtOGY4OC0zNDM2M2JjN2M0YzAiOnsiY3JlYXRlIjo2MDAwMDAwMDAwMDAsImRlbGV0ZSI6NjAwMDAwMDAwMDAwLCJ1cGRhdGUiOjYwMDAwMDAwMDAwMH19",
          "dependencies": [
            "aws_iam_policy.iam_policy_for_lambda",
            "aws_iam_role.lambda_role",
            "aws_iam_role_policy_attachment.test-attach"
          ]
        }
      ]
    }
  ],
  "check_results": null
}
